
Microsoft Visual Studio Solution File, Format Version 12.00
# Visual Studio Version 16
VisualStudioVersion = 16.0.30114.105
MinimumVisualStudioVersion = 10.0.40219.1
Project("{FAE04EC0-301F-11D3-BF4B-00C04F79EFBC}") = "iniciales5,7,2", "iniciales5,7,2\iniciales5,7,2.csproj", "{02D7CA22-231B-4E3F-8B99-8DF1650643E7}"
EndProject
Global
	GlobalSection(SolutionConfigurationPlatforms) = preSolution
		Debug|Any CPU = Debug|Any CPU
		Release|Any CPU = Release|Any CPU
	EndGlobalSection
	GlobalSection(ProjectConfigurationPlatforms) = postSolution
		{02D7CA22-231B-4E3F-8B99-8DF1650643E7}.Debug|Any CPU.ActiveCfg = Debug|Any CPU
		{02D7CA22-231B-4E3F-8B99-8DF1650643E7}.Debug|Any CPU.Build.0 = Debug|Any CPU
		{02D7CA22-231B-4E3F-8B99-8DF1650643E7}.Release|Any CPU.ActiveCfg = Release|Any CPU
		{02D7CA22-231B-4E3F-8B99-8DF1650643E7}.Release|Any CPU.Build.0 = Release|Any CPU
	EndGlobalSection
	GlobalSection(SolutionProperties) = preSolution
		HideSolutionNode = FALSE
	EndGlobalSection
	GlobalSection(ExtensibilityGlobals) = postSolution
		SolutionGuid = {AD5A078A-E627-4C92-B097-DF6EB5813F07}
	EndGlobalSection
EndGlobal
